
Microsoft Visual Studio Solution File, Format Version 12.00
# Visual Studio Version 16
VisualStudioVersion = 16.0.30517.126
MinimumVisualStudioVersion = 10.0.40219.1
Project("{FAE04EC0-301F-11D3-BF4B-00C04F79EFBC}") = "LearnMatrix", "LearnMatrix\LearnMatrix.csproj", "{F9F4F29A-9C2C-4B28-8FFF-CB7E83750917}"
EndProject
Project("{FAE04EC0-301F-11D3-BF4B-00C04F79EFBC}") = "Learn3DMatrix", "Learn3DMatrix\Learn3DMatrix.csproj", "{5D943296-5542-4986-B095-2CC5312B42BB}"
EndProject
Global
	GlobalSection(SolutionConfigurationPlatforms) = preSolution
		Debug|Any CPU = Debug|Any CPU
		Release|Any CPU = Release|Any CPU
	EndGlobalSection
	GlobalSection(ProjectConfigurationPlatforms) = postSolution
		{F9F4F29A-9C2C-4B28-8FFF-CB7E83750917}.Debug|Any CPU.ActiveCfg = Debug|Any CPU
		{F9F4F29A-9C2C-4B28-8FFF-CB7E83750917}.Debug|Any CPU.Build.0 = Debug|Any CPU
		{F9F4F29A-9C2C-4B28-8FFF-CB7E83750917}.Release|Any CPU.ActiveCfg = Release|Any CPU
		{F9F4F29A-9C2C-4B28-8FFF-CB7E83750917}.Release|Any CPU.Build.0 = Release|Any CPU
		{5D943296-5542-4986-B095-2CC5312B42BB}.Debug|Any CPU.ActiveCfg = Debug|Any CPU
		{5D943296-5542-4986-B095-2CC5312B42BB}.Debug|Any CPU.Build.0 = Debug|Any CPU
		{5D943296-5542-4986-B095-2CC5312B42BB}.Release|Any CPU.ActiveCfg = Release|Any CPU
		{5D943296-5542-4986-B095-2CC5312B42BB}.Release|Any CPU.Build.0 = Release|Any CPU
	EndGlobalSection
	GlobalSection(SolutionProperties) = preSolution
		HideSolutionNode = FALSE
	EndGlobalSection
	GlobalSection(ExtensibilityGlobals) = postSolution
		SolutionGuid = {171170AD-7A14-4815-AF05-B50AA994AD36}
	EndGlobalSection
EndGlobal
